Microsoft Visual Studio Solution File, Format Version 11.00
# Visual Studio 2008

Project("{0A41B70D-764A-3E43-34B2-43AF217477C7}") = "Main_Display_of_Body", "Assembly-CSharp.csproj", "{8899224B-FA1A-C164-2929-A6EC2920E90E}"
EndProject
Global
	GlobalSection(SolutionConfigurationPlatforms) = preSolution
		Debug|Any CPU = Debug|Any CPU
		Release|Any CPU = Release|Any CPU
	EndGlobalSection
	GlobalSection(ProjectConfigurationPlatforms) = postSolution
		{8899224B-FA1A-C164-2929-A6EC2920E90E}.Debug|Any CPU.ActiveCfg = Debug|Any CPU
		{8899224B-FA1A-C164-2929-A6EC2920E90E}.Debug|Any CPU.Build.0 = Debug|Any CPU
		{8899224B-FA1A-C164-2929-A6EC2920E90E}.Release|Any CPU.ActiveCfg = Release|Any CPU
		{8899224B-FA1A-C164-2929-A6EC2920E90E}.Release|Any CPU.Build.0 = Release|Any CPU
	EndGlobalSection
	GlobalSection(SolutionProperties) = preSolution
		HideSolutionNode = FALSE
	EndGlobalSection
																																																																																																							GlobalSection(MonoDevelopProperties) = preSolution
=======
																																																																		GlobalSection(MonoDevelopProperties) = preSolution
>>>>>>> aeb4613bc44624c574d8b8f10acc5b17ff1a0544
=======
																						GlobalSection(MonoDevelopProperties) = preSolution
>>>>>>> 93fbdfdd6296d64e69e5a6aad0d9554a9011a4a6
		StartupItem = Assembly-CSharp.csproj
		Policies = $0
		$0.TextStylePolicy = $1
		$1.inheritsSet = null
		$1.scope = text/x-csharp
		$0.CSharpFormattingPolicy = $2
		$2.inheritsSet = Mono
		$2.inheritsScope = text/x-csharp
		$2.scope = text/x-csharp
		$0.TextStylePolicy = $3
		$3.FileWidth = 120
		$3.TabWidth = 4
		$3.IndentWidth = 4
		$3.EolMarker = Unix
		$3.inheritsSet = Mono
		$3.inheritsScope = text/plain
		$3.scope = text/plain
	EndGlobalSection

EndGlobal
